Microsoft Visual Studio Solution File, Format Version 12.00
# Visual Studio Version 17
VisualStudioVersion = 17.5.2.0
MinimumVisualStudioVersion = 10.0.40219.1
Project("{FAE04EC0-301F-11D3-BF4B-00C04F79EFBC}") = "ClinicManagement_WebApp", "ClinicManagement_WebApp.csproj", "{69B2630C-9652-02A4-354D-A3A7226C421A}"
EndProject
Global
	GlobalSection(SolutionConfigurationPlatforms) = preSolution
		Debug|Any CPU = Debug|Any CPU
		Release|Any CPU = Release|Any CPU
	EndGlobalSection
	GlobalSection(ProjectConfigurationPlatforms) = postSolution
		{69B2630C-9652-02A4-354D-A3A7226C421A}.Debug|Any CPU.ActiveCfg = Debug|Any CPU
		{69B2630C-9652-02A4-354D-A3A7226C421A}.Debug|Any CPU.Build.0 = Debug|Any CPU
		{69B2630C-9652-02A4-354D-A3A7226C421A}.Release|Any CPU.ActiveCfg = Release|Any CPU
		{69B2630C-9652-02A4-354D-A3A7226C421A}.Release|Any CPU.Build.0 = Release|Any CPU
	EndGlobalSection
	GlobalSection(SolutionProperties) = preSolution
		HideSolutionNode = FALSE
	EndGlobalSection
	GlobalSection(ExtensibilityGlobals) = postSolution
		SolutionGuid = {6699828D-4449-4D09-BFC1-D523E909D4B8}
	EndGlobalSection
EndGlobal
